
Microsoft Visual Studio Solution File, Format Version 12.00
# Visual Studio Version 17
VisualStudioVersion = 17.10.35013.160
MinimumVisualStudioVersion = 10.0.40219.1
Project("{FAE04EC0-301F-11D3-BF4B-00C04F79EFBC}") = "ContarCaracteres", "ContarCaracteres.csproj", "{AC0E16F4-EE67-4140-AF7F-A603C8CC140C}"
EndProject
Global
	GlobalSection(SolutionConfigurationPlatforms) = preSolution
		Debug|Any CPU = Debug|Any CPU
		Release|Any CPU = Release|Any CPU
	EndGlobalSection
	GlobalSection(ProjectConfigurationPlatforms) = postSolution
		{AC0E16F4-EE67-4140-AF7F-A603C8CC140C}.Debug|Any CPU.ActiveCfg = Debug|Any CPU
		{AC0E16F4-EE67-4140-AF7F-A603C8CC140C}.Debug|Any CPU.Build.0 = Debug|Any CPU
		{AC0E16F4-EE67-4140-AF7F-A603C8CC140C}.Release|Any CPU.ActiveCfg = Release|Any CPU
		{AC0E16F4-EE67-4140-AF7F-A603C8CC140C}.Release|Any CPU.Build.0 = Release|Any CPU
	EndGlobalSection
	GlobalSection(SolutionProperties) = preSolution
		HideSolutionNode = FALSE
	EndGlobalSection
	GlobalSection(ExtensibilityGlobals) = postSolution
		SolutionGuid = {E22D9615-6AE9-41B8-B18E-F741E7B33000}
	EndGlobalSection
EndGlobal
