
Microsoft Visual Studio Solution File, Format Version 12.00
# Visual Studio Version 17
VisualStudioVersion = 17.9.34723.18
MinimumVisualStudioVersion = 10.0.40219.1
Project("{FAE04EC0-301F-11D3-BF4B-00C04F79EFBC}") = "Conexion1", "Conexion1\Conexion1.csproj", "{64881407-FC85-4439-BC13-FF6C183910C9}"
EndProject
Global
	GlobalSection(SolutionConfigurationPlatforms) = preSolution
		Debug|Any CPU = Debug|Any CPU
		Release|Any CPU = Release|Any CPU
	EndGlobalSection
	GlobalSection(ProjectConfigurationPlatforms) = postSolution
		{64881407-FC85-4439-BC13-FF6C183910C9}.Debug|Any CPU.ActiveCfg = Debug|Any CPU
		{64881407-FC85-4439-BC13-FF6C183910C9}.Debug|Any CPU.Build.0 = Debug|Any CPU
		{64881407-FC85-4439-BC13-FF6C183910C9}.Release|Any CPU.ActiveCfg = Release|Any CPU
		{64881407-FC85-4439-BC13-FF6C183910C9}.Release|Any CPU.Build.0 = Release|Any CPU
	EndGlobalSection
	GlobalSection(SolutionProperties) = preSolution
		HideSolutionNode = FALSE
	EndGlobalSection
	GlobalSection(ExtensibilityGlobals) = postSolution
		SolutionGuid = {960D0FCD-2F3B-4C43-AAD3-9E902CF28040}
	EndGlobalSection
EndGlobal
