
Microsoft Visual Studio Solution File, Format Version 12.00
# Visual Studio Version 17
VisualStudioVersion = 17.10.35013.160
MinimumVisualStudioVersion = 10.0.40219.1
Project("{FAE04EC0-301F-11D3-BF4B-00C04F79EFBC}") = "PruebaSwitch", "PruebaSwitch.csproj", "{522E3E65-A074-487C-BA1A-0B3DC5680FDA}"
EndProject
Global
	GlobalSection(SolutionConfigurationPlatforms) = preSolution
		Debug|Any CPU = Debug|Any CPU
		Release|Any CPU = Release|Any CPU
	EndGlobalSection
	GlobalSection(ProjectConfigurationPlatforms) = postSolution
		{522E3E65-A074-487C-BA1A-0B3DC5680FDA}.Debug|Any CPU.ActiveCfg = Debug|Any CPU
		{522E3E65-A074-487C-BA1A-0B3DC5680FDA}.Debug|Any CPU.Build.0 = Debug|Any CPU
		{522E3E65-A074-487C-BA1A-0B3DC5680FDA}.Release|Any CPU.ActiveCfg = Release|Any CPU
		{522E3E65-A074-487C-BA1A-0B3DC5680FDA}.Release|Any CPU.Build.0 = Release|Any CPU
	EndGlobalSection
	GlobalSection(SolutionProperties) = preSolution
		HideSolutionNode = FALSE
	EndGlobalSection
	GlobalSection(ExtensibilityGlobals) = postSolution
		SolutionGuid = {E0CD8BFF-F68B-4CBD-B0C9-E94ACC54BFA2}
	EndGlobalSection
EndGlobal
